
Microsoft Visual Studio Solution File, Format Version 12.00
# Visual Studio Version 17
VisualStudioVersion = 17.0.31919.166
MinimumVisualStudioVersion = 10.0.40219.1
Project("{9A19103F-16F7-4668-BE54-9A1E7A4F7556}") = "StringConsoleApp", "StringConsoleApp\StringConsoleApp.csproj", "{8E6DF9A2-B966-45BF-B8A2-CEE47BF64548}"
EndProject
Project("{FAE04EC0-301F-11D3-BF4B-00C04F79EFBC}") = "StringConsoleAppLibrary", "StringConsoleAppLibrary\StringConsoleAppLibrary.csproj", "{5F791488-B0D2-4F23-8B98-C58C3AAEB940}"
EndProject
Global
	GlobalSection(SolutionConfigurationPlatforms) = preSolution
		Debug|Any CPU = Debug|Any CPU
		Release|Any CPU = Release|Any CPU
	EndGlobalSection
	GlobalSection(ProjectConfigurationPlatforms) = postSolution
		{8E6DF9A2-B966-45BF-B8A2-CEE47BF64548}.Debug|Any CPU.ActiveCfg = Debug|Any CPU
		{8E6DF9A2-B966-45BF-B8A2-CEE47BF64548}.Debug|Any CPU.Build.0 = Debug|Any CPU
		{8E6DF9A2-B966-45BF-B8A2-CEE47BF64548}.Release|Any CPU.ActiveCfg = Release|Any CPU
		{8E6DF9A2-B966-45BF-B8A2-CEE47BF64548}.Release|Any CPU.Build.0 = Release|Any CPU
		{5F791488-B0D2-4F23-8B98-C58C3AAEB940}.Debug|Any CPU.ActiveCfg = Debug|Any CPU
		{5F791488-B0D2-4F23-8B98-C58C3AAEB940}.Debug|Any CPU.Build.0 = Debug|Any CPU
		{5F791488-B0D2-4F23-8B98-C58C3AAEB940}.Release|Any CPU.ActiveCfg = Release|Any CPU
		{5F791488-B0D2-4F23-8B98-C58C3AAEB940}.Release|Any CPU.Build.0 = Release|Any CPU
	EndGlobalSection
	GlobalSection(SolutionProperties) = preSolution
		HideSolutionNode = FALSE
	EndGlobalSection
	GlobalSection(ExtensibilityGlobals) = postSolution
		SolutionGuid = {7EB4C787-B9F1-436C-87C9-E311AA7E981E}
	EndGlobalSection
EndGlobal
